
Microsoft Visual Studio Solution File, Format Version 12.00
# Visual Studio Version 17
VisualStudioVersion = 17.2.32630.192
MinimumVisualStudioVersion = 10.0.40219.1
Project("{FAE04EC0-301F-11D3-BF4B-00C04F79EFBC}") = "FactoryPatternBonus", "FactoryPatternBonus\FactoryPatternBonus.csproj", "{45AD8968-17EA-4278-BA18-A7BBA6344EA4}"
EndProject
Global
	GlobalSection(SolutionConfigurationPlatforms) = preSolution
		Debug|Any CPU = Debug|Any CPU
		Release|Any CPU = Release|Any CPU
	EndGlobalSection
	GlobalSection(ProjectConfigurationPlatforms) = postSolution
		{45AD8968-17EA-4278-BA18-A7BBA6344EA4}.Debug|Any CPU.ActiveCfg = Debug|Any CPU
		{45AD8968-17EA-4278-BA18-A7BBA6344EA4}.Debug|Any CPU.Build.0 = Debug|Any CPU
		{45AD8968-17EA-4278-BA18-A7BBA6344EA4}.Release|Any CPU.ActiveCfg = Release|Any CPU
		{45AD8968-17EA-4278-BA18-A7BBA6344EA4}.Release|Any CPU.Build.0 = Release|Any CPU
	EndGlobalSection
	GlobalSection(SolutionProperties) = preSolution
		HideSolutionNode = FALSE
	EndGlobalSection
	GlobalSection(ExtensibilityGlobals) = postSolution
		SolutionGuid = {9643B7B2-2F65-4E33-9151-756EA9B681B4}
	EndGlobalSection
EndGlobal
